// !$*UTF8*$!
{
	archiveVersion = 1;
	classes = {
	};
	objectVersion = 56;
	objects = {

/* Begin PBXBuildFile section */
		43272ED229B9DD7E00E5CC76 /* Zen_ZoneApp.swift in Sources */ = {isa = PBXBuildFile; fileRef = 43272ED129B9DD7E00E5CC76 /* Zen_ZoneApp.swift */; };
		43272ED429B9DD7E00E5CC76 /* ContentView.swift in Sources */ = {isa = PBXBuildFile; fileRef = 43272ED329B9DD7E00E5CC76 /* ContentView.swift */; };
		43272ED629B9DD7F00E5CC76 /* Assets.xcassets in Resources */ = {isa = PBXBuildFile; fileRef = 43272ED529B9DD7F00E5CC76 /* Assets.xcassets */; };
		43272ED929B9DD7F00E5CC76 /* Preview Assets.xcassets in Resources */ = {isa = PBXBuildFile; fileRef = 43272ED829B9DD7F00E5CC76 /* Preview Assets.xcassets */; };
		43272EDB29B9DD7F00E5CC76 /* Persistence.swift in Sources */ = {isa = PBXBuildFile; fileRef = 43272EDA29B9DD7F00E5CC76 /* Persistence.swift */; };
		43272EDE29B9DD7F00E5CC76 /* Zen_Zone.xcdatamodeld in Sources */ = {isa = PBXBuildFile; fileRef = 43272EDC29B9DD7F00E5CC76 /* Zen_Zone.xcdatamodeld */; };
		43272EE829B9DED000E5CC76 /* TabBar.swift in Sources */ = {isa = PBXBuildFile; fileRef = 43272EE729B9DED000E5CC76 /* TabBar.swift */; };
		43272EF129B9DF1B00E5CC76 /* house.riv in Resources */ = {isa = PBXBuildFile; fileRef = 43272EEA29B9DF1B00E5CC76 /* house.riv */; };
		43272EF229B9DF1B00E5CC76 /* confetti.riv in Resources */ = {isa = PBXBuildFile; fileRef = 43272EEB29B9DF1B00E5CC76 /* confetti.riv */; };
		43272EF329B9DF1B00E5CC76 /* check.riv in Resources */ = {isa = PBXBuildFile; fileRef = 43272EEC29B9DF1B00E5CC76 /* check.riv */; };
		43272EF429B9DF1B00E5CC76 /* menu_button.riv in Resources */ = {isa = PBXBuildFile; fileRef = 43272EED29B9DF1B00E5CC76 /* menu_button.riv */; };
		43272EF529B9DF1B00E5CC76 /* shapes.riv in Resources */ = {isa = PBXBuildFile; fileRef = 43272EEE29B9DF1B00E5CC76 /* shapes.riv */; };
		43272EF629B9DF1B00E5CC76 /* button.riv in Resources */ = {isa = PBXBuildFile; fileRef = 43272EEF29B9DF1B00E5CC76 /* button.riv */; };
		43272EF729B9DF1B00E5CC76 /* icons.riv in Resources */ = {isa = PBXBuildFile; fileRef = 43272EF029B9DF1B00E5CC76 /* icons.riv */; };
		43272EF929B9E08C00E5CC76 /* SideMenu.swift in Sources */ = {isa = PBXBuildFile; fileRef = 43272EF829B9E08C00E5CC76 /* SideMenu.swift */; };
		43272EFC29B9E2B500E5CC76 /* RiveRuntime in Frameworks */ = {isa = PBXBuildFile; productRef = 43272EFB29B9E2B500E5CC76 /* RiveRuntime */; };
		43272EFE29BB3BE500E5CC76 /* MenuRow.swift in Sources */ = {isa = PBXBuildFile; fileRef = 43272EFD29BB3BE500E5CC76 /* MenuRow.swift */; };
		43272F0129BC854300E5CC76 /* HomeView.swift in Sources */ = {isa = PBXBuildFile; fileRef = 43272F0029BC854300E5CC76 /* HomeView.swift */; };
		43272F0429BC870A00E5CC76 /* VCard.swift in Sources */ = {isa = PBXBuildFile; fileRef = 43272F0329BC870A00E5CC76 /* VCard.swift */; };
		43272F0729BC895C00E5CC76 /* ActivitySection.swift in Sources */ = {isa = PBXBuildFile; fileRef = 43272F0629BC895C00E5CC76 /* ActivitySection.swift */; };
		43272F0C29BC8ADB00E5CC76 /* Inter-Regular.ttf in Resources */ = {isa = PBXBuildFile; fileRef = 43272F0929BC8ADB00E5CC76 /* Inter-Regular.ttf */; };
		43272F0D29BC8ADB00E5CC76 /* Poppins-Bold.ttf in Resources */ = {isa = PBXBuildFile; fileRef = 43272F0A29BC8ADB00E5CC76 /* Poppins-Bold.ttf */; };
		43272F0E29BC8ADB00E5CC76 /* Inter-SemiBold.ttf in Resources */ = {isa = PBXBuildFile; fileRef = 43272F0B29BC8ADB00E5CC76 /* Inter-SemiBold.ttf */; };
		43272F1729BC8C2900E5CC76 /* CustomButton.swift in Sources */ = {isa = PBXBuildFile; fileRef = 43272F1329BC8C2900E5CC76 /* CustomButton.swift */; };
		43272F1829BC8C2900E5CC76 /* Extensions.swift in Sources */ = {isa = PBXBuildFile; fileRef = 43272F1429BC8C2900E5CC76 /* Extensions.swift */; };
		43272F1929BC8C2900E5CC76 /* CustomTextField.swift in Sources */ = {isa = PBXBuildFile; fileRef = 43272F1529BC8C2900E5CC76 /* CustomTextField.swift */; };
		43272F1A29BC8C2900E5CC76 /* CustomFont.swift in Sources */ = {isa = PBXBuildFile; fileRef = 43272F1629BC8C2900E5CC76 /* CustomFont.swift */; };
		43272F1C29BD46BF00E5CC76 /* HCard.swift in Sources */ = {isa = PBXBuildFile; fileRef = 43272F1B29BD46BF00E5CC76 /* HCard.swift */; };
		43272F1E29BD4EE900E5CC76 /* CCard.swift in Sources */ = {isa = PBXBuildFile; fileRef = 43272F1D29BD4EE900E5CC76 /* CCard.swift */; };
		43272F2029BD502900E5CC76 /* ActivityOption.swift in Sources */ = {isa = PBXBuildFile; fileRef = 43272F1F29BD502900E5CC76 /* ActivityOption.swift */; };
		43272F2229BDD7F200E5CC76 /* JournalView.swift in Sources */ = {isa = PBXBuildFile; fileRef = 43272F2129BDD7F200E5CC76 /* JournalView.swift */; };
		43272F2429BDDC7100E5CC76 /* Statistic.swift in Sources */ = {isa = PBXBuildFile; fileRef = 43272F2329BDDC7100E5CC76 /* Statistic.swift */; };
		43272F2629BF01A200E5CC76 /* JCard.swift in Sources */ = {isa = PBXBuildFile; fileRef = 43272F2529BF01A200E5CC76 /* JCard.swift */; };
		43272F2829BF027D00E5CC76 /* EntryItem.swift in Sources */ = {isa = PBXBuildFile; fileRef = 43272F2729BF027D00E5CC76 /* EntryItem.swift */; };
		4335B2882A41A59400775C17 /* CreateEntryView.swift in Sources */ = {isa = PBXBuildFile; fileRef = 4335B2872A41A59400775C17 /* CreateEntryView.swift */; };
		4371498D2A42F6AC00B3C9DE /* SButtonView.swift in Sources */ = {isa = PBXBuildFile; fileRef = 4371498C2A42F6AC00B3C9DE /* SButtonView.swift */; };
		437149912A44177D00B3C9DE /* WaveShape.swift in Sources */ = {isa = PBXBuildFile; fileRef = 437149902A44177D00B3C9DE /* WaveShape.swift */; };
		437472A32A56AFFA0008CD6F /* ECard.swift in Sources */ = {isa = PBXBuildFile; fileRef = 437472A22A56AFFA0008CD6F /* ECard.swift */; };
		438CAD522A72616000B3532B /* ActivityView.swift in Sources */ = {isa = PBXBuildFile; fileRef = 438CAD512A72616000B3532B /* ActivityView.swift */; };
		4866F0932A89B75C005320D6 /* StoreView.swift in Sources */ = {isa = PBXBuildFile; fileRef = 4866F0922A89B75C005320D6 /* StoreView.swift */; };
		4866F0952A89B760005320D6 /* SCard.swift in Sources */ = {isa = PBXBuildFile; fileRef = 4866F0942A89B760005320D6 /* SCard.swift */; };
		4866F0972A89B7C1005320D6 /* StoreDetails.swift in Sources */ = {isa = PBXBuildFile; fileRef = 4866F0962A89B7C1005320D6 /* StoreDetails.swift */; };
/* End PBXBuildFile section */

/* Begin PBXFileReference section */
		43272ECE29B9DD7E00E5CC76 /* Zen Zone.app */ = {isa = PBXFileReference; explicitFileType = wrapper.application; includeInIndex = 0; path = "Zen Zone.app"; sourceTree = BUILT_PRODUCTS_DIR; };
		43272ED129B9DD7E00E5CC76 /* Zen_ZoneApp.swift */ = {isa = PBXFileReference; lastKnownFileType = sourcecode.swift; path = Zen_ZoneApp.swift; sourceTree = "<group>"; };
		43272ED329B9DD7E00E5CC76 /* ContentView.swift */ = {isa = PBXFileReference; lastKnownFileType = sourcecode.swift; path = ContentView.swift; sourceTree = "<group>"; };
		43272ED529B9DD7F00E5CC76 /* Assets.xcassets */ = {isa = PBXFileReference; lastKnownFileType = folder.assetcatalog; path = Assets.xcassets; sourceTree = "<group>"; };
		43272ED829B9DD7F00E5CC76 /* Preview Assets.xcassets */ = {isa = PBXFileReference; lastKnownFileType = folder.assetcatalog; path = "Preview Assets.xcassets"; sourceTree = "<group>"; };
		43272EDA29B9DD7F00E5CC76 /* Persistence.swift */ = {isa = PBXFileReference; lastKnownFileType = sourcecode.swift; path = Persistence.swift; sourceTree = "<group>"; };
		43272EDD29B9DD7F00E5CC76 /* Zen_Zone.xcdatamodel */ = {isa = PBXFileReference; lastKnownFileType = wrapper.xcdatamodel; path = Zen_Zone.xcdatamodel; sourceTree = "<group>"; };
		43272EE729B9DED000E5CC76 /* TabBar.swift */ = {isa = PBXFileReference; lastKnownFileType = sourcecode.swift; path = TabBar.swift; sourceTree = "<group>"; };
		43272EEA29B9DF1B00E5CC76 /* house.riv */ = {isa = PBXFileReference; lastKnownFileType = file; path = house.riv; sourceTree = "<group>"; };
		43272EEB29B9DF1B00E5CC76 /* confetti.riv */ = {isa = PBXFileReference; lastKnownFileType = file; path = confetti.riv; sourceTree = "<group>"; };
		43272EEC29B9DF1B00E5CC76 /* check.riv */ = {isa = PBXFileReference; lastKnownFileType = file; path = check.riv; sourceTree = "<group>"; };
		43272EED29B9DF1B00E5CC76 /* menu_button.riv */ = {isa = PBXFileReference; lastKnownFileType = file; path = menu_button.riv; sourceTree = "<group>"; };
		43272EEE29B9DF1B00E5CC76 /* shapes.riv */ = {isa = PBXFileReference; lastKnownFileType = file; path = shapes.riv; sourceTree = "<group>"; };
		43272EEF29B9DF1B00E5CC76 /* button.riv */ = {isa = PBXFileReference; lastKnownFileType = file; path = button.riv; sourceTree = "<group>"; };
		43272EF029B9DF1B00E5CC76 /* icons.riv */ = {isa = PBXFileReference; lastKnownFileType = file; path = icons.riv; sourceTree = "<group>"; };
		43272EF829B9E08C00E5CC76 /* SideMenu.swift */ = {isa = PBXFileReference; lastKnownFileType = sourcecode.swift; path = SideMenu.swift; sourceTree = "<group>"; };
		43272EFD29BB3BE500E5CC76 /* MenuRow.swift */ = {isa = PBXFileReference; lastKnownFileType = sourcecode.swift; path = MenuRow.swift; sourceTree = "<group>"; };
		43272F0029BC854300E5CC76 /* HomeView.swift */ = {isa = PBXFileReference; lastKnownFileType = sourcecode.swift; path = HomeView.swift; sourceTree = "<group>"; };
		43272F0329BC870A00E5CC76 /* VCard.swift */ = {isa = PBXFileReference; lastKnownFileType = sourcecode.swift; path = VCard.swift; sourceTree = "<group>"; };
		43272F0629BC895C00E5CC76 /* ActivitySection.swift */ = {isa = PBXFileReference; lastKnownFileType = sourcecode.swift; path = ActivitySection.swift; sourceTree = "<group>"; };
		43272F0929BC8ADB00E5CC76 /* Inter-Regular.ttf */ = {isa = PBXFileReference; lastKnownFileType = file; path = "Inter-Regular.ttf"; sourceTree = "<group>"; };
		43272F0A29BC8ADB00E5CC76 /* Poppins-Bold.ttf */ = {isa = PBXFileReference; lastKnownFileType = file; path = "Poppins-Bold.ttf"; sourceTree = "<group>"; };
		43272F0B29BC8ADB00E5CC76 /* Inter-SemiBold.ttf */ = {isa = PBXFileReference; lastKnownFileType = file; path = "Inter-SemiBold.ttf"; sourceTree = "<group>"; };
		43272F0F29BC8B1100E5CC76 /* Zen-Zone-Info.plist */ = {isa = PBXFileReference; lastKnownFileType = text.plist; path = "Zen-Zone-Info.plist"; sourceTree = SOURCE_ROOT; };
		43272F1329BC8C2900E5CC76 /* CustomButton.swift */ = {isa = PBXFileReference; fileEncoding = 4; lastKnownFileType = sourcecode.swift; path = CustomButton.swift; sourceTree = "<group>"; };
		43272F1429BC8C2900E5CC76 /* Extensions.swift */ = {isa = PBXFileReference; fileEncoding = 4; lastKnownFileType = sourcecode.swift; path = Extensions.swift; sourceTree = "<group>"; };
		43272F1529BC8C2900E5CC76 /* CustomTextField.swift */ = {isa = PBXFileReference; fileEncoding = 4; lastKnownFileType = sourcecode.swift; path = CustomTextField.swift; sourceTree = "<group>"; };
		43272F1629BC8C2900E5CC76 /* CustomFont.swift */ = {isa = PBXFileReference; fileEncoding = 4; lastKnownFileType = sourcecode.swift; path = CustomFont.swift; sourceTree = "<group>"; };
		43272F1B29BD46BF00E5CC76 /* HCard.swift */ = {isa = PBXFileReference; lastKnownFileType = sourcecode.swift; path = HCard.swift; sourceTree = "<group>"; };
		43272F1D29BD4EE900E5CC76 /* CCard.swift */ = {isa = PBXFileReference; lastKnownFileType = sourcecode.swift; path = CCard.swift; sourceTree = "<group>"; };
		43272F1F29BD502900E5CC76 /* ActivityOption.swift */ = {isa = PBXFileReference; lastKnownFileType = sourcecode.swift; path = ActivityOption.swift; sourceTree = "<group>"; };
		43272F2129BDD7F200E5CC76 /* JournalView.swift */ = {isa = PBXFileReference; lastKnownFileType = sourcecode.swift; path = JournalView.swift; sourceTree = "<group>"; };
		43272F2329BDDC7100E5CC76 /* Statistic.swift */ = {isa = PBXFileReference; lastKnownFileType = sourcecode.swift; path = Statistic.swift; sourceTree = "<group>"; };
		43272F2529BF01A200E5CC76 /* JCard.swift */ = {isa = PBXFileReference; lastKnownFileType = sourcecode.swift; path = JCard.swift; sourceTree = "<group>"; };
		43272F2729BF027D00E5CC76 /* EntryItem.swift */ = {isa = PBXFileReference; lastKnownFileType = sourcecode.swift; path = EntryItem.swift; sourceTree = "<group>"; };
		4335B2872A41A59400775C17 /* CreateEntryView.swift */ = {isa = PBXFileReference; lastKnownFileType = sourcecode.swift; path = CreateEntryView.swift; sourceTree = "<group>"; };
		4371498C2A42F6AC00B3C9DE /* SButtonView.swift */ = {isa = PBXFileReference; lastKnownFileType = sourcecode.swift; path = SButtonView.swift; sourceTree = "<group>"; };
		437149902A44177D00B3C9DE /* WaveShape.swift */ = {isa = PBXFileReference; lastKnownFileType = sourcecode.swift; path = WaveShape.swift; sourceTree = "<group>"; };
		437472A22A56AFFA0008CD6F /* ECard.swift */ = {isa = PBXFileReference; lastKnownFileType = sourcecode.swift; path = ECard.swift; sourceTree = "<group>"; };
		438CAD512A72616000B3532B /* ActivityView.swift */ = {isa = PBXFileReference; lastKnownFileType = sourcecode.swift; path = ActivityView.swift; sourceTree = "<group>"; };
		4866F0922A89B75C005320D6 /* StoreView.swift */ = {isa = PBXFileReference; fileEncoding = 4; lastKnownFileType = sourcecode.swift; name = StoreView.swift; path = "../../../Zen-Zone 1/Zen Zone/Views/StoreView.swift"; sourceTree = "<group>"; };
		4866F0942A89B760005320D6 /* SCard.swift */ = {isa = PBXFileReference; fileEncoding = 4; lastKnownFileType = sourcecode.swift; name = SCard.swift; path = "../../../Zen-Zone 1/Zen Zone/CardViews/SCard.swift"; sourceTree = "<group>"; };
		4866F0962A89B7C1005320D6 /* StoreDetails.swift */ = {isa = PBXFileReference; fileEncoding = 4; lastKnownFileType = sourcecode.swift; name = StoreDetails.swift; path = "../../../Zen-Zone 1/Zen Zone/Models/StoreDetails.swift"; sourceTree = "<group>"; };
/* End PBXFileReference section */

/* Begin PBXFrameworksBuildPhase section */
		43272ECB29B9DD7E00E5CC76 /* Frameworks */ = {
			isa = PBXFrameworksBuildPhase;
			buildActionMask = 2147483647;
			files = (
				43272EFC29B9E2B500E5CC76 /* RiveRuntime in Frameworks */,
			);
			runOnlyForDeploymentPostprocessing = 0;
		};
/* End PBXFrameworksBuildPhase section */

/* Begin PBXGroup section */
		43272EC529B9DD7E00E5CC76 = {
			isa = PBXGroup;
			children = (
				43272ED029B9DD7E00E5CC76 /* Zen Zone */,
				43272ECF29B9DD7E00E5CC76 /* Products */,
			);
			sourceTree = "<group>";
		};
		43272ECF29B9DD7E00E5CC76 /* Products */ = {
			isa = PBXGroup;
			children = (
				43272ECE29B9DD7E00E5CC76 /* Zen Zone.app */,
			);
			name = Products;
			sourceTree = "<group>";
		};
		43272ED029B9DD7E00E5CC76 /* Zen Zone */ = {
			isa = PBXGroup;
			children = (
				43272F0F29BC8B1100E5CC76 /* Zen-Zone-Info.plist */,
				43272ED129B9DD7E00E5CC76 /* Zen_ZoneApp.swift */,
				4371498E2A44171000B3C9DE /* Views */,
				43272F0229BC86FD00E5CC76 /* CardViews */,
				4371498F2A44174100B3C9DE /* Geometry */,
				43272F0529BC887F00E5CC76 /* Models */,
				43272EFF29BC851500E5CC76 /* Menus */,
				43272EDA29B9DD7F00E5CC76 /* Persistence.swift */,
				43272EDC29B9DD7F00E5CC76 /* Zen_Zone.xcdatamodeld */,
				43272ED529B9DD7F00E5CC76 /* Assets.xcassets */,
				43272F1229BC8C2900E5CC76 /* Styles */,
				43272F0829BC8ADB00E5CC76 /* Fonts */,
				43272EE929B9DF1B00E5CC76 /* RiveAssets */,
				43272ED729B9DD7F00E5CC76 /* Preview Content */,
			);
			path = "Zen Zone";
			sourceTree = "<group>";
		};
		43272ED729B9DD7F00E5CC76 /* Preview Content */ = {
			isa = PBXGroup;
			children = (
				43272ED829B9DD7F00E5CC76 /* Preview Assets.xcassets */,
			);
			path = "Preview Content";
			sourceTree = "<group>";
		};
		43272EE929B9DF1B00E5CC76 /* RiveAssets */ = {
			isa = PBXGroup;
			children = (
				43272EEA29B9DF1B00E5CC76 /* house.riv */,
				43272EEB29B9DF1B00E5CC76 /* confetti.riv */,
				43272EEC29B9DF1B00E5CC76 /* check.riv */,
				43272EED29B9DF1B00E5CC76 /* menu_button.riv */,
				43272EEE29B9DF1B00E5CC76 /* shapes.riv */,
				43272EEF29B9DF1B00E5CC76 /* button.riv */,
				43272EF029B9DF1B00E5CC76 /* icons.riv */,
			);
			path = RiveAssets;
			sourceTree = "<group>";
		};
		43272EFF29BC851500E5CC76 /* Menus */ = {
			isa = PBXGroup;
			children = (
				43272EF829B9E08C00E5CC76 /* SideMenu.swift */,
				43272EFD29BB3BE500E5CC76 /* MenuRow.swift */,
				43272EE729B9DED000E5CC76 /* TabBar.swift */,
			);
			path = Menus;
			sourceTree = "<group>";
		};
		43272F0229BC86FD00E5CC76 /* CardViews */ = {
			isa = PBXGroup;
			children = (
				43272F0329BC870A00E5CC76 /* VCard.swift */,
				43272F1D29BD4EE900E5CC76 /* CCard.swift */,
				43272F1B29BD46BF00E5CC76 /* HCard.swift */,
				43272F2529BF01A200E5CC76 /* JCard.swift */,
				437472A22A56AFFA0008CD6F /* ECard.swift */,
				4866F0942A89B760005320D6 /* SCard.swift */,
			);
			path = CardViews;
			sourceTree = "<group>";
		};
		43272F0529BC887F00E5CC76 /* Models */ = {
			isa = PBXGroup;
			children = (
				43272F0629BC895C00E5CC76 /* ActivitySection.swift */,
				43272F1F29BD502900E5CC76 /* ActivityOption.swift */,
				43272F2329BDDC7100E5CC76 /* Statistic.swift */,
				43272F2729BF027D00E5CC76 /* EntryItem.swift */,
				4866F0962A89B7C1005320D6 /* StoreDetails.swift */,
			);
			path = Models;
			sourceTree = "<group>";
		};
		43272F0829BC8ADB00E5CC76 /* Fonts */ = {
			isa = PBXGroup;
			children = (
				43272F0929BC8ADB00E5CC76 /* Inter-Regular.ttf */,
				43272F0A29BC8ADB00E5CC76 /* Poppins-Bold.ttf */,
				43272F0B29BC8ADB00E5CC76 /* Inter-SemiBold.ttf */,
			);
			path = Fonts;
			sourceTree = "<group>";
		};
		43272F1229BC8C2900E5CC76 /* Styles */ = {
			isa = PBXGroup;
			children = (
				43272F1329BC8C2900E5CC76 /* CustomButton.swift */,
				43272F1429BC8C2900E5CC76 /* Extensions.swift */,
				43272F1529BC8C2900E5CC76 /* CustomTextField.swift */,
				43272F1629BC8C2900E5CC76 /* CustomFont.swift */,
			);
			path = Styles;
			sourceTree = "<group>";
		};
		4371498E2A44171000B3C9DE /* Views */ = {
			isa = PBXGroup;
			children = (
				43272ED329B9DD7E00E5CC76 /* ContentView.swift */,
				43272F0029BC854300E5CC76 /* HomeView.swift */,
				43272F2129BDD7F200E5CC76 /* JournalView.swift */,
				4335B2872A41A59400775C17 /* CreateEntryView.swift */,
				438CAD512A72616000B3532B /* ActivityView.swift */,
				4866F0922A89B75C005320D6 /* StoreView.swift */,
			);
			path = Views;
			sourceTree = "<group>";
		};
		4371498F2A44174100B3C9DE /* Geometry */ = {
			isa = PBXGroup;
			children = (
				4371498C2A42F6AC00B3C9DE /* SButtonView.swift */,
				437149902A44177D00B3C9DE /* WaveShape.swift */,
			);
			path = Geometry;
			sourceTree = "<group>";
		};
/* End PBXGroup section */

/* Begin PBXNativeTarget section */
		43272ECD29B9DD7E00E5CC76 /* Zen Zone */ = {
			isa = PBXNativeTarget;
			buildConfigurationList = 43272EE129B9DD7F00E5CC76 /* Build configuration list for PBXNativeTarget "Zen Zone" */;
			buildPhases = (
				43272ECA29B9DD7E00E5CC76 /* Sources */,
				43272ECB29B9DD7E00E5CC76 /* Frameworks */,
				43272ECC29B9DD7E00E5CC76 /* Resources */,
			);
			buildRules = (
			);
			dependencies = (
			);
			name = "Zen Zone";
			packageProductDependencies = (
				43272EFB29B9E2B500E5CC76 /* RiveRuntime */,
			);
			productName = "Zen Zone";
			productReference = 43272ECE29B9DD7E00E5CC76 /* Zen Zone.app */;
			productType = "com.apple.product-type.application";
		};
/* End PBXNativeTarget section */

/* Begin PBXProject section */
		43272EC629B9DD7E00E5CC76 /* Project object */ = {
			isa = PBXProject;
			attributes = {
				BuildIndependentTargetsInParallel = 1;
				LastSwiftUpdateCheck = 1420;
				LastUpgradeCheck = 1420;
				TargetAttributes = {
					43272ECD29B9DD7E00E5CC76 = {
						CreatedOnToolsVersion = 14.2;
					};
				};
			};
			buildConfigurationList = 43272EC929B9DD7E00E5CC76 /* Build configuration list for PBXProject "Zen Zone" */;
			compatibilityVersion = "Xcode 14.0";
			developmentRegion = en;
			hasScannedForEncodings = 0;
			knownRegions = (
				en,
				Base,
			);
			mainGroup = 43272EC529B9DD7E00E5CC76;
			packageReferences = (
				43272EFA29B9E2B500E5CC76 /* XCRemoteSwiftPackageReference "rive-ios" */,
			);
			productRefGroup = 43272ECF29B9DD7E00E5CC76 /* Products */;
			projectDirPath = "";
			projectRoot = "";
			targets = (
				43272ECD29B9DD7E00E5CC76 /* Zen Zone */,
			);
		};
/* End PBXProject section */

/* Begin PBXResourcesBuildPhase section */
		43272ECC29B9DD7E00E5CC76 /* Resources */ = {
			isa = PBXResourcesBuildPhase;
			buildActionMask = 2147483647;
			files = (
				43272F0E29BC8ADB00E5CC76 /* Inter-SemiBold.ttf in Resources */,
				43272EF529B9DF1B00E5CC76 /* shapes.riv in Resources */,
				43272EF329B9DF1B00E5CC76 /* check.riv in Resources */,
				43272ED929B9DD7F00E5CC76 /* Preview Assets.xcassets in Resources */,
				43272EF429B9DF1B00E5CC76 /* menu_button.riv in Resources */,
				43272EF129B9DF1B00E5CC76 /* house.riv in Resources */,
				43272EF629B9DF1B00E5CC76 /* button.riv in Resources */,
				43272F0C29BC8ADB00E5CC76 /* Inter-Regular.ttf in Resources */,
				43272F0D29BC8ADB00E5CC76 /* Poppins-Bold.ttf in Resources */,
				43272ED629B9DD7F00E5CC76 /* Assets.xcassets in Resources */,
				43272EF229B9DF1B00E5CC76 /* confetti.riv in Resources */,
				43272EF729B9DF1B00E5CC76 /* icons.riv in Resources */,
			);
			runOnlyForDeploymentPostprocessing = 0;
		};
/* End PBXResourcesBuildPhase section */

/* Begin PBXSourcesBuildPhase section */
		43272ECA29B9DD7E00E5CC76 /* Sources */ = {
			isa = PBXSourcesBuildPhase;
			buildActionMask = 2147483647;
			files = (
				43272F1C29BD46BF00E5CC76 /* HCard.swift in Sources */,
				43272F1A29BC8C2900E5CC76 /* CustomFont.swift in Sources */,
				43272F1929BC8C2900E5CC76 /* CustomTextField.swift in Sources */,
				43272F1E29BD4EE900E5CC76 /* CCard.swift in Sources */,
				43272F0429BC870A00E5CC76 /* VCard.swift in Sources */,
				43272F2429BDDC7100E5CC76 /* Statistic.swift in Sources */,
				43272EDB29B9DD7F00E5CC76 /* Persistence.swift in Sources */,
				43272F2229BDD7F200E5CC76 /* JournalView.swift in Sources */,
				43272F0729BC895C00E5CC76 /* ActivitySection.swift in Sources */,
				43272EFE29BB3BE500E5CC76 /* MenuRow.swift in Sources */,
				43272F2629BF01A200E5CC76 /* JCard.swift in Sources */,
				4335B2882A41A59400775C17 /* CreateEntryView.swift in Sources */,
				43272F2829BF027D00E5CC76 /* EntryItem.swift in Sources */,
				43272EDE29B9DD7F00E5CC76 /* Zen_Zone.xcdatamodeld in Sources */,
				4371498D2A42F6AC00B3C9DE /* SButtonView.swift in Sources */,
				4866F0952A89B760005320D6 /* SCard.swift in Sources */,
				438CAD522A72616000B3532B /* ActivityView.swift in Sources */,
				43272F2029BD502900E5CC76 /* ActivityOption.swift in Sources */,
				43272ED429B9DD7E00E5CC76 /* ContentView.swift in Sources */,
				4866F0972A89B7C1005320D6 /* StoreDetails.swift in Sources */,
				43272EF929B9E08C00E5CC76 /* SideMenu.swift in Sources */,
				43272F1829BC8C2900E5CC76 /* Extensions.swift in Sources */,
				43272F1729BC8C2900E5CC76 /* CustomButton.swift in Sources */,
				43272F0129BC854300E5CC76 /* HomeView.swift in Sources */,
				43272ED229B9DD7E00E5CC76 /* Zen_ZoneApp.swift in Sources */,
				437472A32A56AFFA0008CD6F /* ECard.swift in Sources */,
				437149912A44177D00B3C9DE /* WaveShape.swift in Sources */,
				4866F0932A89B75C005320D6 /* StoreView.swift in Sources */,
				43272EE829B9DED000E5CC76 /* TabBar.swift in Sources */,
			);
			runOnlyForDeploymentPostprocessing = 0;
		};
/* End PBXSourcesBuildPhase section */

/* Begin XCBuildConfiguration section */
		43272EDF29B9DD7F00E5CC76 /* Debug */ = {
			isa = XCBuildConfiguration;
			buildSettings = {
				ALWAYS_SEARCH_USER_PATHS = NO;
				CLANG_ANALYZER_NONNULL = YES;
				CLANG_ANALYZER_NUMBER_OBJECT_CONVERSION = YES_AGGRESSIVE;
				CLANG_CXX_LANGUAGE_STANDARD = "gnu++20";
				CLANG_ENABLE_MODULES = YES;
				CLANG_ENABLE_OBJC_ARC = YES;
				CLANG_ENABLE_OBJC_WEAK = YES;
				CLANG_WARN_BLOCK_CAPTURE_AUTORELEASING = YES;
				CLANG_WARN_BOOL_CONVERSION = YES;
				CLANG_WARN_COMMA = YES;
				CLANG_WARN_CONSTANT_CONVERSION = YES;
				CLANG_WARN_DEPRECATED_OBJC_IMPLEMENTATIONS = YES;
				CLANG_WARN_DIRECT_OBJC_ISA_USAGE = YES_ERROR;
				CLANG_WARN_DOCUMENTATION_COMMENTS = YES;
				CLANG_WARN_EMPTY_BODY = YES;
				CLANG_WARN_ENUM_CONVERSION = YES;
				CLANG_WARN_INFINITE_RECURSION = YES;
				CLANG_WARN_INT_CONVERSION = YES;
				CLANG_WARN_NON_LITERAL_NULL_CONVERSION = YES;
				CLANG_WARN_OBJC_IMPLICIT_RETAIN_SELF = YES;
				CLANG_WARN_OBJC_LITERAL_CONVERSION = YES;
				CLANG_WARN_OBJC_ROOT_CLASS = YES_ERROR;
				CLANG_WARN_QUOTED_INCLUDE_IN_FRAMEWORK_HEADER = YES;
				CLANG_WARN_RANGE_LOOP_ANALYSIS = YES;
				CLANG_WARN_STRICT_PROTOTYPES = YES;
				CLANG_WARN_SUSPICIOUS_MOVE = YES;
				CLANG_WARN_UNGUARDED_AVAILABILITY = YES_AGGRESSIVE;
				CLANG_WARN_UNREACHABLE_CODE = YES;
				CLANG_WARN__DUPLICATE_METHOD_MATCH = YES;
				COPY_PHASE_STRIP = NO;
				DEBUG_INFORMATION_FORMAT = dwarf;
				ENABLE_STRICT_OBJC_MSGSEND = YES;
				ENABLE_TESTABILITY = YES;
				GCC_C_LANGUAGE_STANDARD = gnu11;
				GCC_DYNAMIC_NO_PIC = NO;
				GCC_NO_COMMON_BLOCKS = YES;
				GCC_OPTIMIZATION_LEVEL = 0;
				GCC_PREPROCESSOR_DEFINITIONS = (
					"DEBUG=1",
					"$(inherited)",
				);
				GCC_WARN_64_TO_32_BIT_CONVERSION = YES;
				GCC_WARN_ABOUT_RETURN_TYPE = YES_ERROR;
				GCC_WARN_UNDECLARED_SELECTOR = YES;
				GCC_WARN_UNINITIALIZED_AUTOS = YES_AGGRESSIVE;
				GCC_WARN_UNUSED_FUNCTION = YES;
				GCC_WARN_UNUSED_VARIABLE = YES;
				IPHONEOS_DEPLOYMENT_TARGET = 15.2;
				MTL_ENABLE_DEBUG_INFO = INCLUDE_SOURCE;
				MTL_FAST_MATH = YES;
				ONLY_ACTIVE_ARCH = YES;
				SDKROOT = iphoneos;
				SWIFT_ACTIVE_COMPILATION_CONDITIONS = DEBUG;
				SWIFT_OPTIMIZATION_LEVEL = "-Onone";
			};
			name = Debug;
		};
		43272EE029B9DD7F00E5CC76 /* Release */ = {
			isa = XCBuildConfiguration;
			buildSettings = {
				ALWAYS_SEARCH_USER_PATHS = NO;
				CLANG_ANALYZER_NONNULL = YES;
				CLANG_ANALYZER_NUMBER_OBJECT_CONVERSION = YES_AGGRESSIVE;
				CLANG_CXX_LANGUAGE_STANDARD = "gnu++20";
				CLANG_ENABLE_MODULES = YES;
				CLANG_ENABLE_OBJC_ARC = YES;
				CLANG_ENABLE_OBJC_WEAK = YES;
				CLANG_WARN_BLOCK_CAPTURE_AUTORELEASING = YES;
				CLANG_WARN_BOOL_CONVERSION = YES;
				CLANG_WARN_COMMA = YES;
				CLANG_WARN_CONSTANT_CONVERSION = YES;
				CLANG_WARN_DEPRECATED_OBJC_IMPLEMENTATIONS = YES;
				CLANG_WARN_DIRECT_OBJC_ISA_USAGE = YES_ERROR;
				CLANG_WARN_DOCUMENTATION_COMMENTS = YES;
				CLANG_WARN_EMPTY_BODY = YES;
				CLANG_WARN_ENUM_CONVERSION = YES;
				CLANG_WARN_INFINITE_RECURSION = YES;
				CLANG_WARN_INT_CONVERSION = YES;
				CLANG_WARN_NON_LITERAL_NULL_CONVERSION = YES;
				CLANG_WARN_OBJC_IMPLICIT_RETAIN_SELF = YES;
				CLANG_WARN_OBJC_LITERAL_CONVERSION = YES;
				CLANG_WARN_OBJC_ROOT_CLASS = YES_ERROR;
				CLANG_WARN_QUOTED_INCLUDE_IN_FRAMEWORK_HEADER = YES;
				CLANG_WARN_RANGE_LOOP_ANALYSIS = YES;
				CLANG_WARN_STRICT_PROTOTYPES = YES;
				CLANG_WARN_SUSPICIOUS_MOVE = YES;
				CLANG_WARN_UNGUARDED_AVAILABILITY = YES_AGGRESSIVE;
				CLANG_WARN_UNREACHABLE_CODE = YES;
				CLANG_WARN__DUPLICATE_METHOD_MATCH = YES;
				COPY_PHASE_STRIP = NO;
				DEBUG_INFORMATION_FORMAT = "dwarf-with-dsym";
				ENABLE_NS_ASSERTIONS = NO;
				ENABLE_STRICT_OBJC_MSGSEND = YES;
				GCC_C_LANGUAGE_STANDARD = gnu11;
				GCC_NO_COMMON_BLOCKS = YES;
				GCC_WARN_64_TO_32_BIT_CONVERSION = YES;
				GCC_WARN_ABOUT_RETURN_TYPE = YES_ERROR;
				GCC_WARN_UNDECLARED_SELECTOR = YES;
				GCC_WARN_UNINITIALIZED_AUTOS = YES_AGGRESSIVE;
				GCC_WARN_UNUSED_FUNCTION = YES;
				GCC_WARN_UNUSED_VARIABLE = YES;
				IPHONEOS_DEPLOYMENT_TARGET = 15.2;
				MTL_ENABLE_DEBUG_INFO = NO;
				MTL_FAST_MATH = YES;
				SDKROOT = iphoneos;
				SWIFT_COMPILATION_MODE = wholemodule;
				SWIFT_OPTIMIZATION_LEVEL = "-O";
				VALIDATE_PRODUCT = YES;
			};
			name = Release;
		};
		43272EE229B9DD7F00E5CC76 /* Debug */ = {
			isa = XCBuildConfiguration;
			buildSettings = {
				ASSETCATALOG_COMPILER_APPICON_NAME = AppIcon;
				ASSETCATALOG_COMPILER_GLOBAL_ACCENT_COLOR_NAME = AccentColor;
				CODE_SIGN_STYLE = Automatic;
				CURRENT_PROJECT_VERSION = 1;
				DEVELOPMENT_ASSET_PATHS = "\"Zen Zone/Preview Content\"";
				DEVELOPMENT_TEAM = 487H2S9ZW9;
				ENABLE_PREVIEWS = YES;
				GENERATE_INFOPLIST_FILE = YES;
				INFOPLIST_FILE = "Zen-Zone-Info.plist";
				INFOPLIST_KEY_UIApplicationSceneManifest_Generation = YES;
				INFOPLIST_KEY_UIApplicationSupportsIndirectInputEvents = YES;
				INFOPLIST_KEY_UILaunchScreen_Generation = YES;
				INFOPLIST_KEY_UISupportedInterfaceOrientations_iPad = "UIInterfaceOrientationPortrait UIInterfaceOrientationPortraitUpsideDown UIInterfaceOrientationLandscapeLeft UIInterfaceOrientationLandscapeRight";
				INFOPLIST_KEY_UISupportedInterfaceOrientations_iPhone = "UIInterfaceOrientationPortrait UIInterfaceOrientationLandscapeLeft UIInterfaceOrientationLandscapeRight";
				IPHONEOS_DEPLOYMENT_TARGET = 16.0;
				LD_RUNPATH_SEARCH_PATHS = (
					"$(inherited)",
					"@executable_path/Frameworks",
				);
				MARKETING_VERSION = 1.0;
				PRODUCT_BUNDLE_IDENTIFIER = "com.2023CAC.Zen-Zone";
				PRODUCT_NAME = "$(TARGET_NAME)";
				SWIFT_EMIT_LOC_STRINGS = YES;
				SWIFT_VERSION = 5.0;
				TARGETED_DEVICE_FAMILY = "1,2";
			};
			name = Debug;
		};
		43272EE329B9DD7F00E5CC76 /* Release */ = {
			isa = XCBuildConfiguration;
			buildSettings = {
				ASSETCATALOG_COMPILER_APPICON_NAME = AppIcon;
				ASSETCATALOG_COMPILER_GLOBAL_ACCENT_COLOR_NAME = AccentColor;
				CODE_SIGN_STYLE = Automatic;
				CURRENT_PROJECT_VERSION = 1;
				DEVELOPMENT_ASSET_PATHS = "\"Zen Zone/Preview Content\"";
				DEVELOPMENT_TEAM = 487H2S9ZW9;
				ENABLE_PREVIEWS = YES;
				GENERATE_INFOPLIST_FILE = YES;
				INFOPLIST_FILE = "Zen-Zone-Info.plist";
				INFOPLIST_KEY_UIApplicationSceneManifest_Generation = YES;
				INFOPLIST_KEY_UIApplicationSupportsIndirectInputEvents = YES;
				INFOPLIST_KEY_UILaunchScreen_Generation = YES;
				INFOPLIST_KEY_UISupportedInterfaceOrientations_iPad = "UIInterfaceOrientationPortrait UIInterfaceOrientationPortraitUpsideDown UIInterfaceOrientationLandscapeLeft UIInterfaceOrientationLandscapeRight";
				INFOPLIST_KEY_UISupportedInterfaceOrientations_iPhone = "UIInterfaceOrientationPortrait UIInterfaceOrientationLandscapeLeft UIInterfaceOrientationLandscapeRight";
				IPHONEOS_DEPLOYMENT_TARGET = 16.0;
				LD_RUNPATH_SEARCH_PATHS = (
					"$(inherited)",
					"@executable_path/Frameworks",
				);
				MARKETING_VERSION = 1.0;
				PRODUCT_BUNDLE_IDENTIFIER = "com.2023CAC.Zen-Zone";
				PRODUCT_NAME = "$(TARGET_NAME)";
				SWIFT_EMIT_LOC_STRINGS = YES;
				SWIFT_VERSION = 5.0;
				TARGETED_DEVICE_FAMILY = "1,2";
			};
			name = Release;
		};
/* End XCBuildConfiguration section */

/* Begin XCConfigurationList section */
		43272EC929B9DD7E00E5CC76 /* Build configuration list for PBXProject "Zen Zone" */ = {
			isa = XCConfigurationList;
			buildConfigurations = (
				43272EDF29B9DD7F00E5CC76 /* Debug */,
				43272EE029B9DD7F00E5CC76 /* Release */,
			);
			defaultConfigurationIsVisible = 0;
			defaultConfigurationName = Release;
		};
		43272EE129B9DD7F00E5CC76 /* Build configuration list for PBXNativeTarget "Zen Zone" */ = {
			isa = XCConfigurationList;
			buildConfigurations = (
				43272EE229B9DD7F00E5CC76 /* Debug */,
				43272EE329B9DD7F00E5CC76 /* Release */,
			);
			defaultConfigurationIsVisible = 0;
			defaultConfigurationName = Release;
		};
/* End XCConfigurationList section */

/* Begin XCRemoteSwiftPackageReference section */
		43272EFA29B9E2B500E5CC76 /* XCRemoteSwiftPackageReference "rive-ios" */ = {
			isa = XCRemoteSwiftPackageReference;
			repositoryURL = "https://github.com/rive-app/rive-ios.git";
			requirement = {
				kind = upToNextMajorVersion;
				minimumVersion = 3.0.0;
			};
		};
/* End XCRemoteSwiftPackageReference section */

/* Begin XCSwiftPackageProductDependency section */
		43272EFB29B9E2B500E5CC76 /* RiveRuntime */ = {
			isa = XCSwiftPackageProductDependency;
			package = 43272EFA29B9E2B500E5CC76 /* XCRemoteSwiftPackageReference "rive-ios" */;
			productName = RiveRuntime;
		};
/* End XCSwiftPackageProductDependency section */

/* Begin XCVersionGroup section */
		43272EDC29B9DD7F00E5CC76 /* Zen_Zone.xcdatamodeld */ = {
			isa = XCVersionGroup;
			children = (
				43272EDD29B9DD7F00E5CC76 /* Zen_Zone.xcdatamodel */,
			);
			currentVersion = 43272EDD29B9DD7F00E5CC76 /* Zen_Zone.xcdatamodel */;
			path = Zen_Zone.xcdatamodeld;
			sourceTree = "<group>";
			versionGroupType = wrapper.xcdatamodel;
		};
/* End XCVersionGroup section */
	};
	rootObject = 43272EC629B9DD7E00E5CC76 /* Project object */;
}
