{
  "pins" : [
    {
      "identity" : "rive-ios",
      "kind" : "remoteSourceControl",
      "location" : "https://github.com/rive-app/rive-ios.git",
      "state" : {
        "revision" : "28a9b3fd3ba13096135f4d1dbcc6843e302039dc",
        "version" : "3.1.12"
      }
    }
  ],
  "version" : 2
}
